
Microsoft Visual Studio Solution File, Format Version 12.00
# Visual Studio Version 17
VisualStudioVersion = 17.3.32825.248
MinimumVisualStudioVersion = 10.0.40219.1
Project("{FAE04EC0-301F-11D3-BF4B-00C04F79EFBC}") = "AngularJsMVC", "AngularJsMVC\AngularJsMVC.csproj", "{40BF02E4-A8FF-474F-97F9-5EC84F119654}"
EndProject
Global
	GlobalSection(SolutionConfigurationPlatforms) = preSolution
		Debug|Any CPU = Debug|Any CPU
		Release|Any CPU = Release|Any CPU
	EndGlobalSection
	GlobalSection(ProjectConfigurationPlatforms) = postSolution
		{40BF02E4-A8FF-474F-97F9-5EC84F119654}.Debug|Any CPU.ActiveCfg = Debug|Any CPU
		{40BF02E4-A8FF-474F-97F9-5EC84F119654}.Debug|Any CPU.Build.0 = Debug|Any CPU
		{40BF02E4-A8FF-474F-97F9-5EC84F119654}.Release|Any CPU.ActiveCfg = Release|Any CPU
		{40BF02E4-A8FF-474F-97F9-5EC84F119654}.Release|Any CPU.Build.0 = Release|Any CPU
	EndGlobalSection
	GlobalSection(SolutionProperties) = preSolution
		HideSolutionNode = FALSE
	EndGlobalSection
	GlobalSection(ExtensibilityGlobals) = postSolution
		SolutionGuid = {E16CE779-754D-4979-B474-FEC5C991A025}
	EndGlobalSection
EndGlobal
